
Microsoft Visual Studio Solution File, Format Version 12.00
# Visual Studio 15
VisualStudioVersion = 15.0.27428.2005
MinimumVisualStudioVersion = 10.0.40219.1
Project("{9A19103F-16F7-4668-BE54-9A1E7A4F7556}") = "HelloName", "HelloName\HelloName.csproj", "{1014D2F1-9087-4390-ACB2-DBD559477629}"
EndProject
Project("{9A19103F-16F7-4668-BE54-9A1E7A4F7556}") = "MaxMethod", "MaxMethod\MaxMethod.csproj", "{2F56E97A-7A22-4476-8F50-F99E5699588F}"
EndProject
Project("{9A19103F-16F7-4668-BE54-9A1E7A4F7556}") = "EnglishNameOfLastDigit", "EnglishNameOfLastDigit\EnglishNameOfLastDigit.csproj", "{8649E5EB-8964-4783-B1BE-386E0750D93C}"
EndProject
Project("{9A19103F-16F7-4668-BE54-9A1E7A4F7556}") = "NumbersinReversedOrder", "NumbersinReversedOrder\NumbersinReversedOrder.csproj", "{4039BAED-9C4D-4B52-8013-317502DAFFFB}"
EndProject
Project("{9A19103F-16F7-4668-BE54-9A1E7A4F7556}") = "FibonacciNumbers", "FibonacciNumbers\FibonacciNumbers.csproj", "{7DEED63E-8E15-483A-8985-E7253F11D229}"
EndProject
Project("{9A19103F-16F7-4668-BE54-9A1E7A4F7556}") = "PrimeChecker", "PrimeChecker\PrimeChecker.csproj", "{4A629D8A-699B-42B4-A983-54603755992F}"
EndProject
Project("{9A19103F-16F7-4668-BE54-9A1E7A4F7556}") = "PrimesInGivenRange", "PrimesInGivenRange\PrimesInGivenRange.csproj", "{FA6D84C0-2279-4F47-B23C-52CD3F1D1BEB}"
EndProject
Project("{9A19103F-16F7-4668-BE54-9A1E7A4F7556}") = "CenterPoint", "CenterPoint\CenterPoint.csproj", "{6B11D47B-457D-4244-9164-A8F9EB6086D6}"
EndProject
Project("{9A19103F-16F7-4668-BE54-9A1E7A4F7556}") = "LongerLine", "LongerLine\LongerLine.csproj", "{F1F4C693-91DA-4173-B64D-8EDB79F2C24A}"
EndProject
Project("{FAE04EC0-301F-11D3-BF4B-00C04F79EFBC}") = "CubeProperties", "CubeProperties\CubeProperties.csproj", "{4330D7AB-1736-4168-9D15-31DB193D25FC}"
EndProject
Project("{FAE04EC0-301F-11D3-BF4B-00C04F79EFBC}") = "GeometryCalculator", "GeometryCalculator\GeometryCalculator.csproj", "{2AA71657-829E-446A-BBCF-DB3D5CBF9506}"
EndProject
Project("{FAE04EC0-301F-11D3-BF4B-00C04F79EFBC}") = "MasterNumber", "MasterNumber\MasterNumber.csproj", "{715CAEDA-CAC9-4AFB-A21C-161128768602}"
EndProject
Project("{FAE04EC0-301F-11D3-BF4B-00C04F79EFBC}") = "Factorial", "Factorial\Factorial.csproj", "{CC04DBAB-DE5A-42B9-B6E8-9182E5D44E82}"
EndProject
Global
	GlobalSection(SolutionConfigurationPlatforms) = preSolution
		Debug|Any CPU = Debug|Any CPU
		Release|Any CPU = Release|Any CPU
	EndGlobalSection
	GlobalSection(ProjectConfigurationPlatforms) = postSolution
		{1014D2F1-9087-4390-ACB2-DBD559477629}.Debug|Any CPU.ActiveCfg = Debug|Any CPU
		{1014D2F1-9087-4390-ACB2-DBD559477629}.Debug|Any CPU.Build.0 = Debug|Any CPU
		{1014D2F1-9087-4390-ACB2-DBD559477629}.Release|Any CPU.ActiveCfg = Release|Any CPU
		{1014D2F1-9087-4390-ACB2-DBD559477629}.Release|Any CPU.Build.0 = Release|Any CPU
		{2F56E97A-7A22-4476-8F50-F99E5699588F}.Debug|Any CPU.ActiveCfg = Debug|Any CPU
		{2F56E97A-7A22-4476-8F50-F99E5699588F}.Debug|Any CPU.Build.0 = Debug|Any CPU
		{2F56E97A-7A22-4476-8F50-F99E5699588F}.Release|Any CPU.ActiveCfg = Release|Any CPU
		{2F56E97A-7A22-4476-8F50-F99E5699588F}.Release|Any CPU.Build.0 = Release|Any CPU
		{8649E5EB-8964-4783-B1BE-386E0750D93C}.Debug|Any CPU.ActiveCfg = Debug|Any CPU
		{8649E5EB-8964-4783-B1BE-386E0750D93C}.Debug|Any CPU.Build.0 = Debug|Any CPU
		{8649E5EB-8964-4783-B1BE-386E0750D93C}.Release|Any CPU.ActiveCfg = Release|Any CPU
		{8649E5EB-8964-4783-B1BE-386E0750D93C}.Release|Any CPU.Build.0 = Release|Any CPU
		{4039BAED-9C4D-4B52-8013-317502DAFFFB}.Debug|Any CPU.ActiveCfg = Debug|Any CPU
		{4039BAED-9C4D-4B52-8013-317502DAFFFB}.Debug|Any CPU.Build.0 = Debug|Any CPU
		{4039BAED-9C4D-4B52-8013-317502DAFFFB}.Release|Any CPU.ActiveCfg = Release|Any CPU
		{4039BAED-9C4D-4B52-8013-317502DAFFFB}.Release|Any CPU.Build.0 = Release|Any CPU
		{7DEED63E-8E15-483A-8985-E7253F11D229}.Debug|Any CPU.ActiveCfg = Debug|Any CPU
		{7DEED63E-8E15-483A-8985-E7253F11D229}.Debug|Any CPU.Build.0 = Debug|Any CPU
		{7DEED63E-8E15-483A-8985-E7253F11D229}.Release|Any CPU.ActiveCfg = Release|Any CPU
		{7DEED63E-8E15-483A-8985-E7253F11D229}.Release|Any CPU.Build.0 = Release|Any CPU
		{4A629D8A-699B-42B4-A983-54603755992F}.Debug|Any CPU.ActiveCfg = Debug|Any CPU
		{4A629D8A-699B-42B4-A983-54603755992F}.Debug|Any CPU.Build.0 = Debug|Any CPU
		{4A629D8A-699B-42B4-A983-54603755992F}.Release|Any CPU.ActiveCfg = Release|Any CPU
		{4A629D8A-699B-42B4-A983-54603755992F}.Release|Any CPU.Build.0 = Release|Any CPU
		{FA6D84C0-2279-4F47-B23C-52CD3F1D1BEB}.Debug|Any CPU.ActiveCfg = Debug|Any CPU
		{FA6D84C0-2279-4F47-B23C-52CD3F1D1BEB}.Debug|Any CPU.Build.0 = Debug|Any CPU
		{FA6D84C0-2279-4F47-B23C-52CD3F1D1BEB}.Release|Any CPU.ActiveCfg = Release|Any CPU
		{FA6D84C0-2279-4F47-B23C-52CD3F1D1BEB}.Release|Any CPU.Build.0 = Release|Any CPU
		{6B11D47B-457D-4244-9164-A8F9EB6086D6}.Debug|Any CPU.ActiveCfg = Debug|Any CPU
		{6B11D47B-457D-4244-9164-A8F9EB6086D6}.Debug|Any CPU.Build.0 = Debug|Any CPU
		{6B11D47B-457D-4244-9164-A8F9EB6086D6}.Release|Any CPU.ActiveCfg = Release|Any CPU
		{6B11D47B-457D-4244-9164-A8F9EB6086D6}.Release|Any CPU.Build.0 = Release|Any CPU
		{F1F4C693-91DA-4173-B64D-8EDB79F2C24A}.Debug|Any CPU.ActiveCfg = Debug|Any CPU
		{F1F4C693-91DA-4173-B64D-8EDB79F2C24A}.Debug|Any CPU.Build.0 = Debug|Any CPU
		{F1F4C693-91DA-4173-B64D-8EDB79F2C24A}.Release|Any CPU.ActiveCfg = Release|Any CPU
		{F1F4C693-91DA-4173-B64D-8EDB79F2C24A}.Release|Any CPU.Build.0 = Release|Any CPU
		{4330D7AB-1736-4168-9D15-31DB193D25FC}.Debug|Any CPU.ActiveCfg = Debug|Any CPU
		{4330D7AB-1736-4168-9D15-31DB193D25FC}.Debug|Any CPU.Build.0 = Debug|Any CPU
		{4330D7AB-1736-4168-9D15-31DB193D25FC}.Release|Any CPU.ActiveCfg = Release|Any CPU
		{4330D7AB-1736-4168-9D15-31DB193D25FC}.Release|Any CPU.Build.0 = Release|Any CPU
		{2AA71657-829E-446A-BBCF-DB3D5CBF9506}.Debug|Any CPU.ActiveCfg = Debug|Any CPU
		{2AA71657-829E-446A-BBCF-DB3D5CBF9506}.Debug|Any CPU.Build.0 = Debug|Any CPU
		{2AA71657-829E-446A-BBCF-DB3D5CBF9506}.Release|Any CPU.ActiveCfg = Release|Any CPU
		{2AA71657-829E-446A-BBCF-DB3D5CBF9506}.Release|Any CPU.Build.0 = Release|Any CPU
		{715CAEDA-CAC9-4AFB-A21C-161128768602}.Debug|Any CPU.ActiveCfg = Debug|Any CPU
		{715CAEDA-CAC9-4AFB-A21C-161128768602}.Debug|Any CPU.Build.0 = Debug|Any CPU
		{715CAEDA-CAC9-4AFB-A21C-161128768602}.Release|Any CPU.ActiveCfg = Release|Any CPU
		{715CAEDA-CAC9-4AFB-A21C-161128768602}.Release|Any CPU.Build.0 = Release|Any CPU
		{CC04DBAB-DE5A-42B9-B6E8-9182E5D44E82}.Debug|Any CPU.ActiveCfg = Debug|Any CPU
		{CC04DBAB-DE5A-42B9-B6E8-9182E5D44E82}.Debug|Any CPU.Build.0 = Debug|Any CPU
		{CC04DBAB-DE5A-42B9-B6E8-9182E5D44E82}.Release|Any CPU.ActiveCfg = Release|Any CPU
		{CC04DBAB-DE5A-42B9-B6E8-9182E5D44E82}.Release|Any CPU.Build.0 = Release|Any CPU
	EndGlobalSection
	GlobalSection(SolutionProperties) = preSolution
		HideSolutionNode = FALSE
	EndGlobalSection
	GlobalSection(ExtensibilityGlobals) = postSolution
		SolutionGuid = {594CAC5D-1FA1-4A3B-8982-B1DD1D379B60}
	EndGlobalSection
EndGlobal
