
Microsoft Visual Studio Solution File, Format Version 12.00
# Visual Studio 15
VisualStudioVersion = 15.0.27428.2005
MinimumVisualStudioVersion = 10.0.40219.1
Project("{FAE04EC0-301F-11D3-BF4B-00C04F79EFBC}") = "SquareArea", "SquareArea\SquareArea.csproj", "{D94F052D-ABFE-4969-AF29-0C07DACB2437}"
EndProject
Project("{FAE04EC0-301F-11D3-BF4B-00C04F79EFBC}") = "InchToCent", "InchToSant\InchToCent.csproj", "{28D72500-F678-49CC-B770-E05CB184C378}"
EndProject
Project("{FAE04EC0-301F-11D3-BF4B-00C04F79EFBC}") = "NameHi", "NameHi\NameHi.csproj", "{73FA88B3-F487-4426-909E-36B1340469B8}"
EndProject
Project("{FAE04EC0-301F-11D3-BF4B-00C04F79EFBC}") = "ConData", "ConData\ConData.csproj", "{C9168B98-1BAE-4C83-B98B-E3976984EF27}"
EndProject
Project("{FAE04EC0-301F-11D3-BF4B-00C04F79EFBC}") = "TrapArea", "TrapArea\TrapArea.csproj", "{2C9FACCF-EE32-43EE-8865-C93085374351}"
EndProject
Project("{FAE04EC0-301F-11D3-BF4B-00C04F79EFBC}") = "CirclePer", "CirclePer\CirclePer.csproj", "{75BDEBFA-7C4C-4FD4-9599-F00237C47133}"
EndProject
Project("{FAE04EC0-301F-11D3-BF4B-00C04F79EFBC}") = "RectaArea", "RectaArea\RectaArea.csproj", "{96B6594A-0E2E-48C4-8CF0-E575A8CAC28A}"
EndProject
Project("{FAE04EC0-301F-11D3-BF4B-00C04F79EFBC}") = "TrianArea", "TrianArea\TrianArea.csproj", "{2D6E14B1-D052-419C-ACDE-165A77F2B067}"
EndProject
Project("{FAE04EC0-301F-11D3-BF4B-00C04F79EFBC}") = "CelToFar", "CelToFar\CelToFar.csproj", "{4F00E1F2-54F4-4EDC-830A-EB722A6677E9}"
EndProject
Project("{FAE04EC0-301F-11D3-BF4B-00C04F79EFBC}") = "RadToDeg", "RadToDeg\RadToDeg.csproj", "{C693A44A-9A14-4944-A2BD-4828B0E8348A}"
EndProject
Project("{FAE04EC0-301F-11D3-BF4B-00C04F79EFBC}") = "UsdToBgn", "UsdToBgn\UsdToBgn.csproj", "{FF74C902-85A0-402F-B7A5-FCCDC952FD1E}"
EndProject
Project("{FAE04EC0-301F-11D3-BF4B-00C04F79EFBC}") = "CurrConv", "CurrConv\CurrConv.csproj", "{389960F0-44C7-4879-8053-8050CA85C95C}"
EndProject
Project("{FAE04EC0-301F-11D3-BF4B-00C04F79EFBC}") = "1000DaysOnEarth", "1000Days\1000DaysOnEarth.csproj", "{2BD605B3-9357-47DE-9450-F71C57ED0423}"
EndProject
Global
	GlobalSection(SolutionConfigurationPlatforms) = preSolution
		Debug|Any CPU = Debug|Any CPU
		Release|Any CPU = Release|Any CPU
	EndGlobalSection
	GlobalSection(ProjectConfigurationPlatforms) = postSolution
		{D94F052D-ABFE-4969-AF29-0C07DACB2437}.Debug|Any CPU.ActiveCfg = Debug|Any CPU
		{D94F052D-ABFE-4969-AF29-0C07DACB2437}.Debug|Any CPU.Build.0 = Debug|Any CPU
		{D94F052D-ABFE-4969-AF29-0C07DACB2437}.Release|Any CPU.ActiveCfg = Release|Any CPU
		{D94F052D-ABFE-4969-AF29-0C07DACB2437}.Release|Any CPU.Build.0 = Release|Any CPU
		{28D72500-F678-49CC-B770-E05CB184C378}.Debug|Any CPU.ActiveCfg = Debug|Any CPU
		{28D72500-F678-49CC-B770-E05CB184C378}.Debug|Any CPU.Build.0 = Debug|Any CPU
		{28D72500-F678-49CC-B770-E05CB184C378}.Release|Any CPU.ActiveCfg = Release|Any CPU
		{28D72500-F678-49CC-B770-E05CB184C378}.Release|Any CPU.Build.0 = Release|Any CPU
		{73FA88B3-F487-4426-909E-36B1340469B8}.Debug|Any CPU.ActiveCfg = Debug|Any CPU
		{73FA88B3-F487-4426-909E-36B1340469B8}.Debug|Any CPU.Build.0 = Debug|Any CPU
		{73FA88B3-F487-4426-909E-36B1340469B8}.Release|Any CPU.ActiveCfg = Release|Any CPU
		{73FA88B3-F487-4426-909E-36B1340469B8}.Release|Any CPU.Build.0 = Release|Any CPU
		{C9168B98-1BAE-4C83-B98B-E3976984EF27}.Debug|Any CPU.ActiveCfg = Debug|Any CPU
		{C9168B98-1BAE-4C83-B98B-E3976984EF27}.Debug|Any CPU.Build.0 = Debug|Any CPU
		{C9168B98-1BAE-4C83-B98B-E3976984EF27}.Release|Any CPU.ActiveCfg = Release|Any CPU
		{C9168B98-1BAE-4C83-B98B-E3976984EF27}.Release|Any CPU.Build.0 = Release|Any CPU
		{2C9FACCF-EE32-43EE-8865-C93085374351}.Debug|Any CPU.ActiveCfg = Debug|Any CPU
		{2C9FACCF-EE32-43EE-8865-C93085374351}.Debug|Any CPU.Build.0 = Debug|Any CPU
		{2C9FACCF-EE32-43EE-8865-C93085374351}.Release|Any CPU.ActiveCfg = Release|Any CPU
		{2C9FACCF-EE32-43EE-8865-C93085374351}.Release|Any CPU.Build.0 = Release|Any CPU
		{75BDEBFA-7C4C-4FD4-9599-F00237C47133}.Debug|Any CPU.ActiveCfg = Debug|Any CPU
		{75BDEBFA-7C4C-4FD4-9599-F00237C47133}.Debug|Any CPU.Build.0 = Debug|Any CPU
		{75BDEBFA-7C4C-4FD4-9599-F00237C47133}.Release|Any CPU.ActiveCfg = Release|Any CPU
		{75BDEBFA-7C4C-4FD4-9599-F00237C47133}.Release|Any CPU.Build.0 = Release|Any CPU
		{96B6594A-0E2E-48C4-8CF0-E575A8CAC28A}.Debug|Any CPU.ActiveCfg = Debug|Any CPU
		{96B6594A-0E2E-48C4-8CF0-E575A8CAC28A}.Debug|Any CPU.Build.0 = Debug|Any CPU
		{96B6594A-0E2E-48C4-8CF0-E575A8CAC28A}.Release|Any CPU.ActiveCfg = Release|Any CPU
		{96B6594A-0E2E-48C4-8CF0-E575A8CAC28A}.Release|Any CPU.Build.0 = Release|Any CPU
		{2D6E14B1-D052-419C-ACDE-165A77F2B067}.Debug|Any CPU.ActiveCfg = Debug|Any CPU
		{2D6E14B1-D052-419C-ACDE-165A77F2B067}.Debug|Any CPU.Build.0 = Debug|Any CPU
		{2D6E14B1-D052-419C-ACDE-165A77F2B067}.Release|Any CPU.ActiveCfg = Release|Any CPU
		{2D6E14B1-D052-419C-ACDE-165A77F2B067}.Release|Any CPU.Build.0 = Release|Any CPU
		{4F00E1F2-54F4-4EDC-830A-EB722A6677E9}.Debug|Any CPU.ActiveCfg = Debug|Any CPU
		{4F00E1F2-54F4-4EDC-830A-EB722A6677E9}.Debug|Any CPU.Build.0 = Debug|Any CPU
		{4F00E1F2-54F4-4EDC-830A-EB722A6677E9}.Release|Any CPU.ActiveCfg = Release|Any CPU
		{4F00E1F2-54F4-4EDC-830A-EB722A6677E9}.Release|Any CPU.Build.0 = Release|Any CPU
		{C693A44A-9A14-4944-A2BD-4828B0E8348A}.Debug|Any CPU.ActiveCfg = Debug|Any CPU
		{C693A44A-9A14-4944-A2BD-4828B0E8348A}.Debug|Any CPU.Build.0 = Debug|Any CPU
		{C693A44A-9A14-4944-A2BD-4828B0E8348A}.Release|Any CPU.ActiveCfg = Release|Any CPU
		{C693A44A-9A14-4944-A2BD-4828B0E8348A}.Release|Any CPU.Build.0 = Release|Any CPU
		{FF74C902-85A0-402F-B7A5-FCCDC952FD1E}.Debug|Any CPU.ActiveCfg = Debug|Any CPU
		{FF74C902-85A0-402F-B7A5-FCCDC952FD1E}.Debug|Any CPU.Build.0 = Debug|Any CPU
		{FF74C902-85A0-402F-B7A5-FCCDC952FD1E}.Release|Any CPU.ActiveCfg = Release|Any CPU
		{FF74C902-85A0-402F-B7A5-FCCDC952FD1E}.Release|Any CPU.Build.0 = Release|Any CPU
		{389960F0-44C7-4879-8053-8050CA85C95C}.Debug|Any CPU.ActiveCfg = Debug|Any CPU
		{389960F0-44C7-4879-8053-8050CA85C95C}.Debug|Any CPU.Build.0 = Debug|Any CPU
		{389960F0-44C7-4879-8053-8050CA85C95C}.Release|Any CPU.ActiveCfg = Release|Any CPU
		{389960F0-44C7-4879-8053-8050CA85C95C}.Release|Any CPU.Build.0 = Release|Any CPU
		{2BD605B3-9357-47DE-9450-F71C57ED0423}.Debug|Any CPU.ActiveCfg = Debug|Any CPU
		{2BD605B3-9357-47DE-9450-F71C57ED0423}.Debug|Any CPU.Build.0 = Debug|Any CPU
		{2BD605B3-9357-47DE-9450-F71C57ED0423}.Release|Any CPU.ActiveCfg = Release|Any CPU
		{2BD605B3-9357-47DE-9450-F71C57ED0423}.Release|Any CPU.Build.0 = Release|Any CPU
	EndGlobalSection
	GlobalSection(SolutionProperties) = preSolution
		HideSolutionNode = FALSE
	EndGlobalSection
	GlobalSection(ExtensibilityGlobals) = postSolution
		SolutionGuid = {E21D967A-0574-4D86-96F7-C7EAA3D19886}
	EndGlobalSection
EndGlobal
