
Microsoft Visual Studio Solution File, Format Version 12.00
# Visual Studio 15
VisualStudioVersion = 15.0.28010.2036
MinimumVisualStudioVersion = 10.0.40219.1
Project("{FAE04EC0-301F-11D3-BF4B-00C04F79EFBC}") = "DefineInterfaceIPerson", "DefineInterfaceIPerson\DefineInterfaceIPerson.csproj", "{68C69CF2-23BE-484D-A117-5A37472C8F06}"
EndProject
Project("{FAE04EC0-301F-11D3-BF4B-00C04F79EFBC}") = "Ferrari", "Ferrari\Ferrari.csproj", "{E54CD9FC-5075-45C0-B0C2-2ADEAD3C076F}"
EndProject
Project("{FAE04EC0-301F-11D3-BF4B-00C04F79EFBC}") = "Telephony", "Telephony\Telephony.csproj", "{DB7BD670-D14B-4B72-A667-5D7A86B425C6}"
EndProject
Project("{FAE04EC0-301F-11D3-BF4B-00C04F79EFBC}") = "BorderControl", "BorderControl\BorderControl.csproj", "{116B36E9-E8DE-4968-815F-6EF5A56D5CCA}"
EndProject
Project("{FAE04EC0-301F-11D3-BF4B-00C04F79EFBC}") = "BirthdayCelebrations", "BirthdayCelebrations\BirthdayCelebrations.csproj", "{9D782978-17E0-4E66-95D8-1AEBD9C7478A}"
EndProject
Project("{FAE04EC0-301F-11D3-BF4B-00C04F79EFBC}") = "FoodShortage", "FoodShortage\FoodShortage.csproj", "{D8164DB6-47C1-41F9-9C5B-DAB5933933D4}"
EndProject
Project("{FAE04EC0-301F-11D3-BF4B-00C04F79EFBC}") = "MilitaryElite", "MilitaryElite\MilitaryElite.csproj", "{6232FCFC-2F6E-4486-AC13-68AF99F58335}"
EndProject
Global
	GlobalSection(SolutionConfigurationPlatforms) = preSolution
		Debug|Any CPU = Debug|Any CPU
		Release|Any CPU = Release|Any CPU
	EndGlobalSection
	GlobalSection(ProjectConfigurationPlatforms) = postSolution
		{68C69CF2-23BE-484D-A117-5A37472C8F06}.Debug|Any CPU.ActiveCfg = Debug|Any CPU
		{68C69CF2-23BE-484D-A117-5A37472C8F06}.Debug|Any CPU.Build.0 = Debug|Any CPU
		{68C69CF2-23BE-484D-A117-5A37472C8F06}.Release|Any CPU.ActiveCfg = Release|Any CPU
		{68C69CF2-23BE-484D-A117-5A37472C8F06}.Release|Any CPU.Build.0 = Release|Any CPU
		{E54CD9FC-5075-45C0-B0C2-2ADEAD3C076F}.Debug|Any CPU.ActiveCfg = Debug|Any CPU
		{E54CD9FC-5075-45C0-B0C2-2ADEAD3C076F}.Debug|Any CPU.Build.0 = Debug|Any CPU
		{E54CD9FC-5075-45C0-B0C2-2ADEAD3C076F}.Release|Any CPU.ActiveCfg = Release|Any CPU
		{E54CD9FC-5075-45C0-B0C2-2ADEAD3C076F}.Release|Any CPU.Build.0 = Release|Any CPU
		{DB7BD670-D14B-4B72-A667-5D7A86B425C6}.Debug|Any CPU.ActiveCfg = Debug|Any CPU
		{DB7BD670-D14B-4B72-A667-5D7A86B425C6}.Debug|Any CPU.Build.0 = Debug|Any CPU
		{DB7BD670-D14B-4B72-A667-5D7A86B425C6}.Release|Any CPU.ActiveCfg = Release|Any CPU
		{DB7BD670-D14B-4B72-A667-5D7A86B425C6}.Release|Any CPU.Build.0 = Release|Any CPU
		{116B36E9-E8DE-4968-815F-6EF5A56D5CCA}.Debug|Any CPU.ActiveCfg = Debug|Any CPU
		{116B36E9-E8DE-4968-815F-6EF5A56D5CCA}.Debug|Any CPU.Build.0 = Debug|Any CPU
		{116B36E9-E8DE-4968-815F-6EF5A56D5CCA}.Release|Any CPU.ActiveCfg = Release|Any CPU
		{116B36E9-E8DE-4968-815F-6EF5A56D5CCA}.Release|Any CPU.Build.0 = Release|Any CPU
		{9D782978-17E0-4E66-95D8-1AEBD9C7478A}.Debug|Any CPU.ActiveCfg = Debug|Any CPU
		{9D782978-17E0-4E66-95D8-1AEBD9C7478A}.Debug|Any CPU.Build.0 = Debug|Any CPU
		{9D782978-17E0-4E66-95D8-1AEBD9C7478A}.Release|Any CPU.ActiveCfg = Release|Any CPU
		{9D782978-17E0-4E66-95D8-1AEBD9C7478A}.Release|Any CPU.Build.0 = Release|Any CPU
		{D8164DB6-47C1-41F9-9C5B-DAB5933933D4}.Debug|Any CPU.ActiveCfg = Debug|Any CPU
		{D8164DB6-47C1-41F9-9C5B-DAB5933933D4}.Debug|Any CPU.Build.0 = Debug|Any CPU
		{D8164DB6-47C1-41F9-9C5B-DAB5933933D4}.Release|Any CPU.ActiveCfg = Release|Any CPU
		{D8164DB6-47C1-41F9-9C5B-DAB5933933D4}.Release|Any CPU.Build.0 = Release|Any CPU
		{6232FCFC-2F6E-4486-AC13-68AF99F58335}.Debug|Any CPU.ActiveCfg = Debug|Any CPU
		{6232FCFC-2F6E-4486-AC13-68AF99F58335}.Debug|Any CPU.Build.0 = Debug|Any CPU
		{6232FCFC-2F6E-4486-AC13-68AF99F58335}.Release|Any CPU.ActiveCfg = Release|Any CPU
		{6232FCFC-2F6E-4486-AC13-68AF99F58335}.Release|Any CPU.Build.0 = Release|Any CPU
	EndGlobalSection
	GlobalSection(SolutionProperties) = preSolution
		HideSolutionNode = FALSE
	EndGlobalSection
	GlobalSection(ExtensibilityGlobals) = postSolution
		SolutionGuid = {4FA2E604-879C-41A4-B93B-4F50DDC34F73}
	EndGlobalSection
EndGlobal
