
Microsoft Visual Studio Solution File, Format Version 12.00
# Visual Studio 15
VisualStudioVersion = 15.0.27428.2005
MinimumVisualStudioVersion = 10.0.40219.1
Project("{FAE04EC0-301F-11D3-BF4B-00C04F79EFBC}") = "SquareOfStars", "SquareOfStars\SquareOfStars.csproj", "{43B4B449-1A23-42C0-ABB0-479DAA918221}"
EndProject
Global
	GlobalSection(SolutionConfigurationPlatforms) = preSolution
		Debug|Any CPU = Debug|Any CPU
		Release|Any CPU = Release|Any CPU
	EndGlobalSection
	GlobalSection(ProjectConfigurationPlatforms) = postSolution
		{43B4B449-1A23-42C0-ABB0-479DAA918221}.Debug|Any CPU.ActiveCfg = Debug|Any CPU
		{43B4B449-1A23-42C0-ABB0-479DAA918221}.Debug|Any CPU.Build.0 = Debug|Any CPU
		{43B4B449-1A23-42C0-ABB0-479DAA918221}.Release|Any CPU.ActiveCfg = Release|Any CPU
		{43B4B449-1A23-42C0-ABB0-479DAA918221}.Release|Any CPU.Build.0 = Release|Any CPU
	EndGlobalSection
	GlobalSection(SolutionProperties) = preSolution
		HideSolutionNode = FALSE
	EndGlobalSection
	GlobalSection(ExtensibilityGlobals) = postSolution
		SolutionGuid = {8FD24FD3-0B36-44EA-A21A-6EBD6F0E30DC}
	EndGlobalSection
EndGlobal
